schema: '2.0'
stages:
  preprocess:
    cmd: python source/preprocess.py
    deps:
    - path: data/raw/
      hash: md5
      md5: 86a11330c2e1b157fef7f5d8865ef672.dir
      size: 1632180341
      nfiles: 12679
    - path: source/preprocess.py
      hash: md5
      md5: 30f6ffa37a4ea15ea631e2fc058eb574
      size: 6260
    params:
      params.yaml:
        preprocess:
          input_path_valid: data/raw/nsynth-valid
          output_path_valid: data/processed/valid
          model_name: facebook/encodec_24khz
          sample_rate: 24000
          max_db_size: 10
          ext:
          - wav
    outs:
    - path: data/processed/
      hash: md5
      md5: e65dde6f87791f9e6115706e03c5cdf8.dir
      size: 10737426496
      nfiles: 2
